
Microsoft Visual Studio Solution File, Format Version 12.00
# Visual Studio 15
VisualStudioVersion = 15.0.28307.1401
MinimumVisualStudioVersion = 10.0.40219.1
Project("{FAE04EC0-301F-11D3-BF4B-00C04F79EFBC}") = "ShortestPath.Dijkstra", "Dijkstra\ShortestPath.Dijkstra.csproj", "{C01321FE-B2FC-4F77-8C4C-DC51C84B2AD4}"
EndProject
Project("{FAE04EC0-301F-11D3-BF4B-00C04F79EFBC}") = "ShortestPath.Common", "Common\ShortestPath.Common.csproj", "{4B164CD4-2D0F-4E27-9B80-95218EEC7787}"
EndProject
Project("{FAE04EC0-301F-11D3-BF4B-00C04F79EFBC}") = "WindowsFormsApp", "WindowsFormsApp\WindowsFormsApp.csproj", "{3458E54B-6E28-4962-A520-ADA5DB9829A7}"
EndProject
Project("{FAE04EC0-301F-11D3-BF4B-00C04F79EFBC}") = "ShortestPath.Tests", "Tests\ShortestPath.Tests.csproj", "{B76006E0-C2E0-4511-B82E-41BDB5AA0FB6}"
EndProject
Global
	GlobalSection(SolutionConfigurationPlatforms) = preSolution
		Debug|Any CPU = Debug|Any CPU
		Release|Any CPU = Release|Any CPU
	EndGlobalSection
	GlobalSection(ProjectConfigurationPlatforms) = postSolution
		{C01321FE-B2FC-4F77-8C4C-DC51C84B2AD4}.Debug|Any CPU.ActiveCfg = Debug|Any CPU
		{C01321FE-B2FC-4F77-8C4C-DC51C84B2AD4}.Debug|Any CPU.Build.0 = Debug|Any CPU
		{C01321FE-B2FC-4F77-8C4C-DC51C84B2AD4}.Release|Any CPU.ActiveCfg = Release|Any CPU
		{C01321FE-B2FC-4F77-8C4C-DC51C84B2AD4}.Release|Any CPU.Build.0 = Release|Any CPU
		{4B164CD4-2D0F-4E27-9B80-95218EEC7787}.Debug|Any CPU.ActiveCfg = Debug|Any CPU
		{4B164CD4-2D0F-4E27-9B80-95218EEC7787}.Debug|Any CPU.Build.0 = Debug|Any CPU
		{4B164CD4-2D0F-4E27-9B80-95218EEC7787}.Release|Any CPU.ActiveCfg = Release|Any CPU
		{4B164CD4-2D0F-4E27-9B80-95218EEC7787}.Release|Any CPU.Build.0 = Release|Any CPU
		{3458E54B-6E28-4962-A520-ADA5DB9829A7}.Debug|Any CPU.ActiveCfg = Debug|Any CPU
		{3458E54B-6E28-4962-A520-ADA5DB9829A7}.Debug|Any CPU.Build.0 = Debug|Any CPU
		{3458E54B-6E28-4962-A520-ADA5DB9829A7}.Release|Any CPU.ActiveCfg = Release|Any CPU
		{3458E54B-6E28-4962-A520-ADA5DB9829A7}.Release|Any CPU.Build.0 = Release|Any CPU
		{B76006E0-C2E0-4511-B82E-41BDB5AA0FB6}.Debug|Any CPU.ActiveCfg = Debug|Any CPU
		{B76006E0-C2E0-4511-B82E-41BDB5AA0FB6}.Debug|Any CPU.Build.0 = Debug|Any CPU
		{B76006E0-C2E0-4511-B82E-41BDB5AA0FB6}.Release|Any CPU.ActiveCfg = Release|Any CPU
		{B76006E0-C2E0-4511-B82E-41BDB5AA0FB6}.Release|Any CPU.Build.0 = Release|Any CPU
	EndGlobalSection
	GlobalSection(SolutionProperties) = preSolution
		HideSolutionNode = FALSE
	EndGlobalSection
	GlobalSection(ExtensibilityGlobals) = postSolution
		SolutionGuid = {D2DA133B-A8F5-46E4-868C-E8E3F4228036}
	EndGlobalSection
	GlobalSection(Performance) = preSolution
		HasPerformanceSessions = true
	EndGlobalSection
	GlobalSection(Performance) = preSolution
		HasPerformanceSessions = true
	EndGlobalSection
EndGlobal
